
Microsoft Visual Studio Solution File, Format Version 12.00
# Visual Studio 2013
VisualStudioVersion = 12.0.21005.1
MinimumVisualStudioVersion = 10.0.40219.1
Project("{FAE04EC0-301F-11D3-BF4B-00C04F79EFBC}") = "BAC", "BAC\BAC.csproj", "{8422D3ED-A568-426F-A7D6-A26C005EDD3D}"
EndProject
Project("{6141683F-8A12-4E36-9623-2EB02B2C2303}") = "BloodAlcoholCalculator", "BloodAlcoholCalculator\BloodAlcoholCalculator.isproj", "{823AED78-DD71-4DB0-8579-95C4BB9FF0C3}"
EndProject
Global
	GlobalSection(SolutionConfigurationPlatforms) = preSolution
		CD_ROM|Any CPU = CD_ROM|Any CPU
		Debug|Any CPU = Debug|Any CPU
		DVD-5|Any CPU = DVD-5|Any CPU
		Release|Any CPU = Release|Any CPU
		SingleImage|Any CPU = SingleImage|Any CPU
	EndGlobalSection
	GlobalSection(ProjectConfigurationPlatforms) = postSolution
		{8422D3ED-A568-426F-A7D6-A26C005EDD3D}.CD_ROM|Any CPU.ActiveCfg = Release|Any CPU
		{8422D3ED-A568-426F-A7D6-A26C005EDD3D}.CD_ROM|Any CPU.Build.0 = Release|Any CPU
		{8422D3ED-A568-426F-A7D6-A26C005EDD3D}.Debug|Any CPU.ActiveCfg = Debug|Any CPU
		{8422D3ED-A568-426F-A7D6-A26C005EDD3D}.Debug|Any CPU.Build.0 = Debug|Any CPU
		{8422D3ED-A568-426F-A7D6-A26C005EDD3D}.DVD-5|Any CPU.ActiveCfg = Debug|Any CPU
		{8422D3ED-A568-426F-A7D6-A26C005EDD3D}.DVD-5|Any CPU.Build.0 = Debug|Any CPU
		{8422D3ED-A568-426F-A7D6-A26C005EDD3D}.Release|Any CPU.ActiveCfg = Release|Any CPU
		{8422D3ED-A568-426F-A7D6-A26C005EDD3D}.Release|Any CPU.Build.0 = Release|Any CPU
		{8422D3ED-A568-426F-A7D6-A26C005EDD3D}.SingleImage|Any CPU.ActiveCfg = Release|Any CPU
		{8422D3ED-A568-426F-A7D6-A26C005EDD3D}.SingleImage|Any CPU.Build.0 = Release|Any CPU
		{823AED78-DD71-4DB0-8579-95C4BB9FF0C3}.CD_ROM|Any CPU.ActiveCfg = CD_ROM
		{823AED78-DD71-4DB0-8579-95C4BB9FF0C3}.CD_ROM|Any CPU.Build.0 = CD_ROM
		{823AED78-DD71-4DB0-8579-95C4BB9FF0C3}.Debug|Any CPU.ActiveCfg = DVD-5
		{823AED78-DD71-4DB0-8579-95C4BB9FF0C3}.Debug|Any CPU.Build.0 = DVD-5
		{823AED78-DD71-4DB0-8579-95C4BB9FF0C3}.DVD-5|Any CPU.ActiveCfg = DVD-5
		{823AED78-DD71-4DB0-8579-95C4BB9FF0C3}.DVD-5|Any CPU.Build.0 = DVD-5
		{823AED78-DD71-4DB0-8579-95C4BB9FF0C3}.Release|Any CPU.ActiveCfg = SingleImage
		{823AED78-DD71-4DB0-8579-95C4BB9FF0C3}.Release|Any CPU.Build.0 = SingleImage
		{823AED78-DD71-4DB0-8579-95C4BB9FF0C3}.SingleImage|Any CPU.ActiveCfg = SingleImage
		{823AED78-DD71-4DB0-8579-95C4BB9FF0C3}.SingleImage|Any CPU.Build.0 = SingleImage
	EndGlobalSection
	GlobalSection(SolutionProperties) = preSolution
		HideSolutionNode = FALSE
	EndGlobalSection
EndGlobal
